
Microsoft Visual Studio Solution File, Format Version 12.00
# Visual Studio Version 17
VisualStudioVersion = 17.5.33627.172
MinimumVisualStudioVersion = 10.0.40219.1
Project("{8BC9CEB8-8B4A-11D0-8D11-00A0C91BC942}") = "TriviaServer", "TriviaServer.vcxproj", "{816E2B78-B586-4EF9-8D92-F02F78A86D7D}"
EndProject
Global
	GlobalSection(SolutionConfigurationPlatforms) = preSolution
		Debug|x64 = Debug|x64
		Debug|x86 = Debug|x86
		Release|x64 = Release|x64
		Release|x86 = Release|x86
	EndGlobalSection
	GlobalSection(ProjectConfigurationPlatforms) = postSolution
		{816E2B78-B586-4EF9-8D92-F02F78A86D7D}.Debug|x64.ActiveCfg = Debug|x64
		{816E2B78-B586-4EF9-8D92-F02F78A86D7D}.Debug|x64.Build.0 = Debug|x64
		{816E2B78-B586-4EF9-8D92-F02F78A86D7D}.Debug|x86.ActiveCfg = Debug|Win32
		{816E2B78-B586-4EF9-8D92-F02F78A86D7D}.Debug|x86.Build.0 = Debug|Win32
		{816E2B78-B586-4EF9-8D92-F02F78A86D7D}.Release|x64.ActiveCfg = Release|x64
		{816E2B78-B586-4EF9-8D92-F02F78A86D7D}.Release|x64.Build.0 = Release|x64
		{816E2B78-B586-4EF9-8D92-F02F78A86D7D}.Release|x86.ActiveCfg = Release|Win32
		{816E2B78-B586-4EF9-8D92-F02F78A86D7D}.Release|x86.Build.0 = Release|Win32
	EndGlobalSection
	GlobalSection(SolutionProperties) = preSolution
		HideSolutionNode = FALSE
	EndGlobalSection
	GlobalSection(ExtensibilityGlobals) = postSolution
		SolutionGuid = {F17E2BEC-06FF-4D54-BEB4-CCE92CCD2DC1}
	EndGlobalSection
EndGlobal
